
Microsoft Visual Studio Solution File, Format Version 12.00
# Visual Studio 15
VisualStudioVersion = 15.0.27004.2005
MinimumVisualStudioVersion = 10.0.40219.1
Project("{FAE04EC0-301F-11D3-BF4B-00C04F79EFBC}") = "Laba_1", "Laba_1\Laba_1.csproj", "{C7805FF7-B26D-4A64-BC8E-EC7B38BCC44A}"
EndProject
Global
	GlobalSection(SolutionConfigurationPlatforms) = preSolution
		Debug|Any CPU = Debug|Any CPU
		Release|Any CPU = Release|Any CPU
	EndGlobalSection
	GlobalSection(ProjectConfigurationPlatforms) = postSolution
		{C7805FF7-B26D-4A64-BC8E-EC7B38BCC44A}.Debug|Any CPU.ActiveCfg = Debug|Any CPU
		{C7805FF7-B26D-4A64-BC8E-EC7B38BCC44A}.Debug|Any CPU.Build.0 = Debug|Any CPU
		{C7805FF7-B26D-4A64-BC8E-EC7B38BCC44A}.Release|Any CPU.ActiveCfg = Release|Any CPU
		{C7805FF7-B26D-4A64-BC8E-EC7B38BCC44A}.Release|Any CPU.Build.0 = Release|Any CPU
	EndGlobalSection
	GlobalSection(SolutionProperties) = preSolution
		HideSolutionNode = FALSE
	EndGlobalSection
	GlobalSection(ExtensibilityGlobals) = postSolution
		SolutionGuid = {81FE6043-C9F7-4DA9-98F0-99894EE787B3}
	EndGlobalSection
EndGlobal
